<?xml version="1.0" encoding="utf-8"?>
<Project ToolsVersion="4.0" xmlns="http://schemas.microsoft.com/developer/msbuild/2003">
  <ItemGroup>
    <ClCompile Include="Block.cpp">
      <Filter>Engine\Source Files</Filter>
    </ClCompile>
    <ClCompile Include="main.cpp">
      <Filter>Engine\Source Files</Filter>
    </ClCompile>
    <ClCompile Include="Vector2D.cpp">
      <Filter>Engine\Source Files</Filter>
    </ClCompile>
    <ClCompile Include="World.cpp">
      <Filter>Engine\Source Files</Filter>
    </ClCompile>
    <ClCompile Include="IMath.cpp">
      <Filter>Engine\Source Files</Filter>
    </ClCompile>
    <ClCompile Include="Character.cpp">
      <Filter>Engine\Source Files</Filter>
    </ClCompile>
    <ClCompile Include="Buffer.cpp">
      <Filter>Engine\Source Files</Filter>
    </ClCompile>
    <ClCompile Include="Engine.cpp">
      <Filter>Engine\Source Files</Filter>
    </ClCompile>
    <ClCompile Include="Button.cpp">
      <Filter>Engine\Source Files</Filter>
    </ClCompile>
    <ClCompile Include="UI.cpp">
      <Filter>Engine\Source Files</Filter>
    </ClCompile>
    <ClCompile Include="Effects.cpp">
      <Filter>Engine\Source Files</Filter>
    </ClCompile>
    <ClCompile Include="GameState.cpp">
      <Filter>Engine\Source Files</Filter>
    </ClCompile>
    <ClCompile Include="NewMain.cpp">
      <Filter>Engine\Source Files</Filter>
    </ClCompile>
    <ClCompile Include="MainMenuState.cpp">
      <Filter>Game\Source Files</Filter>
    </ClCompile>
    <ClCompile Include="PlayState.cpp">
      <Filter>Game\Source Files</Filter>
    </ClCompile>
    <ClCompile Include="UIComponent.cpp">
      <Filter>Engine\Source Files</Filter>
    </ClCompile>
    <ClCompile Include="TextBox.cpp">
      <Filter>Engine\Source Files</Filter>
    </ClCompile>
  </ItemGroup>
  <ItemGroup>
    <ClInclude Include="Block.h">
      <Filter>Engine\Header Files</Filter>
    </ClInclude>
    <ClInclude Include="Buffer.h">
      <Filter>Engine\Header Files</Filter>
    </ClInclude>
    <ClInclude Include="Engine.h">
      <Filter>Engine\Header Files</Filter>
    </ClInclude>
    <ClInclude Include="Vector2D.h">
      <Filter>Engine\Header Files</Filter>
    </ClInclude>
    <ClInclude Include="World.h">
      <Filter>Engine\Header Files</Filter>
    </ClInclude>
    <ClInclude Include="IMath.h">
      <Filter>Engine\Header Files</Filter>
    </ClInclude>
    <ClInclude Include="Character.h">
      <Filter>Engine\Header Files</Filter>
    </ClInclude>
    <ClInclude Include="Button.h">
      <Filter>Engine\Header Files</Filter>
    </ClInclude>
    <ClInclude Include="UI.h">
      <Filter>Engine\Header Files</Filter>
    </ClInclude>
    <ClInclude Include="Effects.h">
      <Filter>Engine\Header Files</Filter>
    </ClInclude>
    <ClInclude Include="GameState.h">
      <Filter>Engine\Header Files</Filter>
    </ClInclude>
    <ClInclude Include="MainMenuState.h">
      <Filter>Game\Header Files</Filter>
    </ClInclude>
    <ClInclude Include="PlayState.h">
      <Filter>Game\Header Files</Filter>
    </ClInclude>
    <ClInclude Include="Core.h">
      <Filter>Engine\Header Files</Filter>
    </ClInclude>
    <ClInclude Include="EditorState.h">
      <Filter>Game\Header Files</Filter>
    </ClInclude>
    <ClInclude Include="TextBox.h">
      <Filter>Engine\Header Files</Filter>
    </ClInclude>
    <ClInclude Include="UIComponent.h">
      <Filter>Engine\Header Files</Filter>
    </ClInclude>
  </ItemGroup>
  <ItemGroup>
    <Filter Include="Engine">
      <UniqueIdentifier>{ef03ea46-1d8a-44b5-b5b9-5d1ba8c8c3fa}</UniqueIdentifier>
    </Filter>
    <Filter Include="Engine\Source Files">
      <UniqueIdentifier>{86e6cbc6-c320-4e17-97f0-b4efa1f32057}</UniqueIdentifier>
    </Filter>
    <Filter Include="Engine\Header Files">
      <UniqueIdentifier>{c06c0de4-98ad-475c-a004-463309d2b649}</UniqueIdentifier>
    </Filter>
    <Filter Include="Game">
      <UniqueIdentifier>{755ca67b-d6ec-4903-8042-cd577457ebb2}</UniqueIdentifier>
    </Filter>
    <Filter Include="Game\Source Files">
      <UniqueIdentifier>{a70cc1de-6a27-4bc6-a547-4b0dc5f9295f}</UniqueIdentifier>
    </Filter>
    <Filter Include="Game\Header Files">
      <UniqueIdentifier>{58f3e852-e9f1-417b-8915-150e7afaa6af}</UniqueIdentifier>
    </Filter>
  </ItemGroup>
</Project>